
Microsoft Visual Studio Solution File, Format Version 12.00
# Visual Studio Version 16
VisualStudioVersion = 16.0.31205.134
MinimumVisualStudioVersion = 10.0.40219.1
Project("{9A19103F-16F7-4668-BE54-9A1E7A4F7556}") = "String_Example", "String_Example\String_Example.csproj", "{C5E92290-284B-42C0-BA74-CD3B90DE569E}"
EndProject
Project("{FAE04EC0-301F-11D3-BF4B-00C04F79EFBC}") = "String_Example_Test", "String_Example_Test\String_Example_Test.csproj", "{373A5DE1-75B5-4F98-96F1-13E1DA56D4F2}"
EndProject
Global
	GlobalSection(SolutionConfigurationPlatforms) = preSolution
		Debug|Any CPU = Debug|Any CPU
		Release|Any CPU = Release|Any CPU
	EndGlobalSection
	GlobalSection(ProjectConfigurationPlatforms) = postSolution
		{C5E92290-284B-42C0-BA74-CD3B90DE569E}.Debug|Any CPU.ActiveCfg = Debug|Any CPU
		{C5E92290-284B-42C0-BA74-CD3B90DE569E}.Debug|Any CPU.Build.0 = Debug|Any CPU
		{C5E92290-284B-42C0-BA74-CD3B90DE569E}.Release|Any CPU.ActiveCfg = Release|Any CPU
		{C5E92290-284B-42C0-BA74-CD3B90DE569E}.Release|Any CPU.Build.0 = Release|Any CPU
		{373A5DE1-75B5-4F98-96F1-13E1DA56D4F2}.Debug|Any CPU.ActiveCfg = Debug|Any CPU
		{373A5DE1-75B5-4F98-96F1-13E1DA56D4F2}.Debug|Any CPU.Build.0 = Debug|Any CPU
		{373A5DE1-75B5-4F98-96F1-13E1DA56D4F2}.Release|Any CPU.ActiveCfg = Release|Any CPU
		{373A5DE1-75B5-4F98-96F1-13E1DA56D4F2}.Release|Any CPU.Build.0 = Release|Any CPU
	EndGlobalSection
	GlobalSection(SolutionProperties) = preSolution
		HideSolutionNode = FALSE
	EndGlobalSection
	GlobalSection(ExtensibilityGlobals) = postSolution
		SolutionGuid = {D27228FD-302C-4C8D-B198-2E020F2726D2}
	EndGlobalSection
EndGlobal
